
Microsoft Visual Studio Solution File, Format Version 12.00
# Visual Studio Version 17
VisualStudioVersion = 17.13.35931.197
MinimumVisualStudioVersion = 10.0.40219.1
Project("{FAE04EC0-301F-11D3-BF4B-00C04F79EFBC}") = "SmartBook", "SmartBook\SmartBook.csproj", "{BC1A3FCE-AE02-4962-B648-32B265583B3E}"
EndProject
Project("{FAE04EC0-301F-11D3-BF4B-00C04F79EFBC}") = "SmartBook.Console", "SmartBook.Console\SmartBook.Console.csproj", "{2D11E0F5-CCF0-4CE6-909B-F825A338E986}"
EndProject
Project("{FAE04EC0-301F-11D3-BF4B-00C04F79EFBC}") = "Logging", "Logging\Logging.csproj", "{9A6A4F29-4BD4-4FBE-ACA9-0B424210CDE9}"
EndProject
Project("{FAE04EC0-301F-11D3-BF4B-00C04F79EFBC}") = "SmartBook.Extensions", "SmartBook.Extensions\SmartBook.Extensions.csproj", "{D9AD74EC-3077-480F-BF9B-68838944313B}"
EndProject
Project("{FAE04EC0-301F-11D3-BF4B-00C04F79EFBC}") = "SmartBook.Types", "SmartBook.Types\SmartBook.Types.csproj", "{5DFFFF32-4B54-4488-A0F9-3223EC776AD1}"
EndProject
Project("{FAE04EC0-301F-11D3-BF4B-00C04F79EFBC}") = "Tests", "Tests\Tests.csproj", "{40ADC1B1-5F4E-4642-AF74-620091A3AB1B}"
EndProject
Global
	GlobalSection(SolutionConfigurationPlatforms) = preSolution
		Debug|Any CPU = Debug|Any CPU
		Release|Any CPU = Release|Any CPU
	EndGlobalSection
	GlobalSection(ProjectConfigurationPlatforms) = postSolution
		{BC1A3FCE-AE02-4962-B648-32B265583B3E}.Debug|Any CPU.ActiveCfg = Debug|Any CPU
		{BC1A3FCE-AE02-4962-B648-32B265583B3E}.Debug|Any CPU.Build.0 = Debug|Any CPU
		{BC1A3FCE-AE02-4962-B648-32B265583B3E}.Release|Any CPU.ActiveCfg = Release|Any CPU
		{BC1A3FCE-AE02-4962-B648-32B265583B3E}.Release|Any CPU.Build.0 = Release|Any CPU
		{2D11E0F5-CCF0-4CE6-909B-F825A338E986}.Debug|Any CPU.ActiveCfg = Debug|Any CPU
		{2D11E0F5-CCF0-4CE6-909B-F825A338E986}.Debug|Any CPU.Build.0 = Debug|Any CPU
		{2D11E0F5-CCF0-4CE6-909B-F825A338E986}.Release|Any CPU.ActiveCfg = Release|Any CPU
		{2D11E0F5-CCF0-4CE6-909B-F825A338E986}.Release|Any CPU.Build.0 = Release|Any CPU
		{9A6A4F29-4BD4-4FBE-ACA9-0B424210CDE9}.Debug|Any CPU.ActiveCfg = Debug|Any CPU
		{9A6A4F29-4BD4-4FBE-ACA9-0B424210CDE9}.Debug|Any CPU.Build.0 = Debug|Any CPU
		{9A6A4F29-4BD4-4FBE-ACA9-0B424210CDE9}.Release|Any CPU.ActiveCfg = Release|Any CPU
		{9A6A4F29-4BD4-4FBE-ACA9-0B424210CDE9}.Release|Any CPU.Build.0 = Release|Any CPU
		{D9AD74EC-3077-480F-BF9B-68838944313B}.Debug|Any CPU.ActiveCfg = Debug|Any CPU
		{D9AD74EC-3077-480F-BF9B-68838944313B}.Debug|Any CPU.Build.0 = Debug|Any CPU
		{D9AD74EC-3077-480F-BF9B-68838944313B}.Release|Any CPU.ActiveCfg = Release|Any CPU
		{D9AD74EC-3077-480F-BF9B-68838944313B}.Release|Any CPU.Build.0 = Release|Any CPU
		{5DFFFF32-4B54-4488-A0F9-3223EC776AD1}.Debug|Any CPU.ActiveCfg = Debug|Any CPU
		{5DFFFF32-4B54-4488-A0F9-3223EC776AD1}.Debug|Any CPU.Build.0 = Debug|Any CPU
		{5DFFFF32-4B54-4488-A0F9-3223EC776AD1}.Release|Any CPU.ActiveCfg = Release|Any CPU
		{5DFFFF32-4B54-4488-A0F9-3223EC776AD1}.Release|Any CPU.Build.0 = Release|Any CPU
		{40ADC1B1-5F4E-4642-AF74-620091A3AB1B}.Debug|Any CPU.ActiveCfg = Debug|Any CPU
		{40ADC1B1-5F4E-4642-AF74-620091A3AB1B}.Debug|Any CPU.Build.0 = Debug|Any CPU
		{40ADC1B1-5F4E-4642-AF74-620091A3AB1B}.Release|Any CPU.ActiveCfg = Release|Any CPU
		{40ADC1B1-5F4E-4642-AF74-620091A3AB1B}.Release|Any CPU.Build.0 = Release|Any CPU
	EndGlobalSection
	GlobalSection(SolutionProperties) = preSolution
		HideSolutionNode = FALSE
	EndGlobalSection
	GlobalSection(ExtensibilityGlobals) = postSolution
		SolutionGuid = {6D02C4F7-E6D2-4046-BE8F-B66A14048DB3}
	EndGlobalSection
EndGlobal
